
Microsoft Visual Studio Solution File, Format Version 12.00
# Visual Studio Version 17
VisualStudioVersion = 17.14.36623.8
MinimumVisualStudioVersion = 10.0.40219.1
Project("{8BC9CEB8-8B4A-11D0-8D11-00A0C91BC942}") = "Program", "Program\Program.vcxproj", "{514CEB90-CD43-4339-997D-FBA3261DB42C}"
EndProject
Project("{8BC9CEB8-8B4A-11D0-8D11-00A0C91BC942}") = "Class1st (Asymptotic Notation)", "Class1st (Asymptotic Notation)\Class1st (Asymptotic Notation).vcxproj", "{9BF506F2-9C64-4CEA-83BB-0FD5DAEE42DE}"
EndProject
Project("{8BC9CEB8-8B4A-11D0-8D11-00A0C91BC942}") = "Class2nd (Brute Force)", "Class2nd (Brute Force)\Class2nd (Brute Force).vcxproj", "{438F5B2F-EE0C-4CDE-8923-6F0C3047D1A9}"
EndProject
Project("{8BC9CEB8-8B4A-11D0-8D11-00A0C91BC942}") = "Class3th (Bubble Sort)", "Class3th (Bubble Sort)\Class3th (Bubble Sort).vcxproj", "{0A46AC58-097E-4CA1-8CB3-7BAE37A95228}"
EndProject
Project("{8BC9CEB8-8B4A-11D0-8D11-00A0C91BC942}") = "Class4th(Select Sort)", "Class4th(Select Sort)\Class4th(Select Sort).vcxproj", "{C36102E2-9545-4BDD-9D77-11C48438F00F}"
EndProject
Project("{8BC9CEB8-8B4A-11D0-8D11-00A0C91BC942}") = "Class5th (Insert Sort)", "Class5th (Insert Sort)\Class5th (Insert Sort).vcxproj", "{DE3DEB32-DDB6-4BEE-B86D-81EFC8EA2D9C}"
EndProject
Project("{8BC9CEB8-8B4A-11D0-8D11-00A0C91BC942}") = "Class6th (Euclidean)", "Class6th (Euclidean)\Class6th (Euclidean).vcxproj", "{61475533-39F3-41AE-89A0-07D419EC03E0}"
EndProject
Project("{8BC9CEB8-8B4A-11D0-8D11-00A0C91BC942}") = "Class7th (Sueve of Eratosthenes)", "Class7th (Sueve of Eratosthenes)\Class7th (Sueve of Eratosthenes).vcxproj", "{83EA9A48-7BA6-4E05-AE40-B88A703975B2}"
EndProject
Project("{8BC9CEB8-8B4A-11D0-8D11-00A0C91BC942}") = "Class8th (Count Sort)", "Class8th (Count Sort)\Class8th (Count Sort).vcxproj", "{B9C3741A-5898-4562-87D3-C75B9BDE5C01}"
EndProject
Global
	GlobalSection(SolutionConfigurationPlatforms) = preSolution
		Debug|x64 = Debug|x64
		Debug|x86 = Debug|x86
		Release|x64 = Release|x64
		Release|x86 = Release|x86
	EndGlobalSection
	GlobalSection(ProjectConfigurationPlatforms) = postSolution
		{514CEB90-CD43-4339-997D-FBA3261DB42C}.Debug|x64.ActiveCfg = Debug|x64
		{514CEB90-CD43-4339-997D-FBA3261DB42C}.Debug|x64.Build.0 = Debug|x64
		{514CEB90-CD43-4339-997D-FBA3261DB42C}.Debug|x86.ActiveCfg = Debug|Win32
		{514CEB90-CD43-4339-997D-FBA3261DB42C}.Debug|x86.Build.0 = Debug|Win32
		{514CEB90-CD43-4339-997D-FBA3261DB42C}.Release|x64.ActiveCfg = Release|x64
		{514CEB90-CD43-4339-997D-FBA3261DB42C}.Release|x64.Build.0 = Release|x64
		{514CEB90-CD43-4339-997D-FBA3261DB42C}.Release|x86.ActiveCfg = Release|Win32
		{514CEB90-CD43-4339-997D-FBA3261DB42C}.Release|x86.Build.0 = Release|Win32
		{9BF506F2-9C64-4CEA-83BB-0FD5DAEE42DE}.Debug|x64.ActiveCfg = Debug|x64
		{9BF506F2-9C64-4CEA-83BB-0FD5DAEE42DE}.Debug|x64.Build.0 = Debug|x64
		{9BF506F2-9C64-4CEA-83BB-0FD5DAEE42DE}.Debug|x86.ActiveCfg = Debug|Win32
		{9BF506F2-9C64-4CEA-83BB-0FD5DAEE42DE}.Debug|x86.Build.0 = Debug|Win32
		{9BF506F2-9C64-4CEA-83BB-0FD5DAEE42DE}.Release|x64.ActiveCfg = Release|x64
		{9BF506F2-9C64-4CEA-83BB-0FD5DAEE42DE}.Release|x64.Build.0 = Release|x64
		{9BF506F2-9C64-4CEA-83BB-0FD5DAEE42DE}.Release|x86.ActiveCfg = Release|Win32
		{9BF506F2-9C64-4CEA-83BB-0FD5DAEE42DE}.Release|x86.Build.0 = Release|Win32
		{438F5B2F-EE0C-4CDE-8923-6F0C3047D1A9}.Debug|x64.ActiveCfg = Debug|x64
		{438F5B2F-EE0C-4CDE-8923-6F0C3047D1A9}.Debug|x64.Build.0 = Debug|x64
		{438F5B2F-EE0C-4CDE-8923-6F0C3047D1A9}.Debug|x86.ActiveCfg = Debug|Win32
		{438F5B2F-EE0C-4CDE-8923-6F0C3047D1A9}.Debug|x86.Build.0 = Debug|Win32
		{438F5B2F-EE0C-4CDE-8923-6F0C3047D1A9}.Release|x64.ActiveCfg = Release|x64
		{438F5B2F-EE0C-4CDE-8923-6F0C3047D1A9}.Release|x64.Build.0 = Release|x64
		{438F5B2F-EE0C-4CDE-8923-6F0C3047D1A9}.Release|x86.ActiveCfg = Release|Win32
		{438F5B2F-EE0C-4CDE-8923-6F0C3047D1A9}.Release|x86.Build.0 = Release|Win32
		{0A46AC58-097E-4CA1-8CB3-7BAE37A95228}.Debug|x64.ActiveCfg = Debug|x64
		{0A46AC58-097E-4CA1-8CB3-7BAE37A95228}.Debug|x64.Build.0 = Debug|x64
		{0A46AC58-097E-4CA1-8CB3-7BAE37A95228}.Debug|x86.ActiveCfg = Debug|Win32
		{0A46AC58-097E-4CA1-8CB3-7BAE37A95228}.Debug|x86.Build.0 = Debug|Win32
		{0A46AC58-097E-4CA1-8CB3-7BAE37A95228}.Release|x64.ActiveCfg = Release|x64
		{0A46AC58-097E-4CA1-8CB3-7BAE37A95228}.Release|x64.Build.0 = Release|x64
		{0A46AC58-097E-4CA1-8CB3-7BAE37A95228}.Release|x86.ActiveCfg = Release|Win32
		{0A46AC58-097E-4CA1-8CB3-7BAE37A95228}.Release|x86.Build.0 = Release|Win32
		{C36102E2-9545-4BDD-9D77-11C48438F00F}.Debug|x64.ActiveCfg = Debug|x64
		{C36102E2-9545-4BDD-9D77-11C48438F00F}.Debug|x64.Build.0 = Debug|x64
		{C36102E2-9545-4BDD-9D77-11C48438F00F}.Debug|x86.ActiveCfg = Debug|Win32
		{C36102E2-9545-4BDD-9D77-11C48438F00F}.Debug|x86.Build.0 = Debug|Win32
		{C36102E2-9545-4BDD-9D77-11C48438F00F}.Release|x64.ActiveCfg = Release|x64
		{C36102E2-9545-4BDD-9D77-11C48438F00F}.Release|x64.Build.0 = Release|x64
		{C36102E2-9545-4BDD-9D77-11C48438F00F}.Release|x86.ActiveCfg = Release|Win32
		{C36102E2-9545-4BDD-9D77-11C48438F00F}.Release|x86.Build.0 = Release|Win32
		{DE3DEB32-DDB6-4BEE-B86D-81EFC8EA2D9C}.Debug|x64.ActiveCfg = Debug|x64
		{DE3DEB32-DDB6-4BEE-B86D-81EFC8EA2D9C}.Debug|x64.Build.0 = Debug|x64
		{DE3DEB32-DDB6-4BEE-B86D-81EFC8EA2D9C}.Debug|x86.ActiveCfg = Debug|Win32
		{DE3DEB32-DDB6-4BEE-B86D-81EFC8EA2D9C}.Debug|x86.Build.0 = Debug|Win32
		{DE3DEB32-DDB6-4BEE-B86D-81EFC8EA2D9C}.Release|x64.ActiveCfg = Release|x64
		{DE3DEB32-DDB6-4BEE-B86D-81EFC8EA2D9C}.Release|x64.Build.0 = Release|x64
		{DE3DEB32-DDB6-4BEE-B86D-81EFC8EA2D9C}.Release|x86.ActiveCfg = Release|Win32
		{DE3DEB32-DDB6-4BEE-B86D-81EFC8EA2D9C}.Release|x86.Build.0 = Release|Win32
		{61475533-39F3-41AE-89A0-07D419EC03E0}.Debug|x64.ActiveCfg = Debug|x64
		{61475533-39F3-41AE-89A0-07D419EC03E0}.Debug|x64.Build.0 = Debug|x64
		{61475533-39F3-41AE-89A0-07D419EC03E0}.Debug|x86.ActiveCfg = Debug|Win32
		{61475533-39F3-41AE-89A0-07D419EC03E0}.Debug|x86.Build.0 = Debug|Win32
		{61475533-39F3-41AE-89A0-07D419EC03E0}.Release|x64.ActiveCfg = Release|x64
		{61475533-39F3-41AE-89A0-07D419EC03E0}.Release|x64.Build.0 = Release|x64
		{61475533-39F3-41AE-89A0-07D419EC03E0}.Release|x86.ActiveCfg = Release|Win32
		{61475533-39F3-41AE-89A0-07D419EC03E0}.Release|x86.Build.0 = Release|Win32
		{83EA9A48-7BA6-4E05-AE40-B88A703975B2}.Debug|x64.ActiveCfg = Debug|x64
		{83EA9A48-7BA6-4E05-AE40-B88A703975B2}.Debug|x64.Build.0 = Debug|x64
		{83EA9A48-7BA6-4E05-AE40-B88A703975B2}.Debug|x86.ActiveCfg = Debug|Win32
		{83EA9A48-7BA6-4E05-AE40-B88A703975B2}.Debug|x86.Build.0 = Debug|Win32
		{83EA9A48-7BA6-4E05-AE40-B88A703975B2}.Release|x64.ActiveCfg = Release|x64
		{83EA9A48-7BA6-4E05-AE40-B88A703975B2}.Release|x64.Build.0 = Release|x64
		{83EA9A48-7BA6-4E05-AE40-B88A703975B2}.Release|x86.ActiveCfg = Release|Win32
		{83EA9A48-7BA6-4E05-AE40-B88A703975B2}.Release|x86.Build.0 = Release|Win32
		{B9C3741A-5898-4562-87D3-C75B9BDE5C01}.Debug|x64.ActiveCfg = Debug|x64
		{B9C3741A-5898-4562-87D3-C75B9BDE5C01}.Debug|x64.Build.0 = Debug|x64
		{B9C3741A-5898-4562-87D3-C75B9BDE5C01}.Debug|x86.ActiveCfg = Debug|Win32
		{B9C3741A-5898-4562-87D3-C75B9BDE5C01}.Debug|x86.Build.0 = Debug|Win32
		{B9C3741A-5898-4562-87D3-C75B9BDE5C01}.Release|x64.ActiveCfg = Release|x64
		{B9C3741A-5898-4562-87D3-C75B9BDE5C01}.Release|x64.Build.0 = Release|x64
		{B9C3741A-5898-4562-87D3-C75B9BDE5C01}.Release|x86.ActiveCfg = Release|Win32
		{B9C3741A-5898-4562-87D3-C75B9BDE5C01}.Release|x86.Build.0 = Release|Win32
	EndGlobalSection
	GlobalSection(SolutionProperties) = preSolution
		HideSolutionNode = FALSE
	EndGlobalSection
	GlobalSection(ExtensibilityGlobals) = postSolution
		SolutionGuid = {A3B7B808-6392-4A42-A186-624E2B4421C5}
	EndGlobalSection
EndGlobal
