
Microsoft Visual Studio Solution File, Format Version 12.00
# Visual Studio Version 17
VisualStudioVersion = 17.14.36623.8
MinimumVisualStudioVersion = 10.0.40219.1
Project("{8BC9CEB8-8B4A-11D0-8D11-00A0C91BC942}") = "Program", "Program\Program.vcxproj", "{514CEB90-CD43-4339-997D-FBA3261DB42C}"
EndProject
Project("{8BC9CEB8-8B4A-11D0-8D11-00A0C91BC942}") = "Class1st (Asymptotic Notation)", "Class1st (Asymptotic Notation)\Class1st (Asymptotic Notation).vcxproj", "{9BF506F2-9C64-4CEA-83BB-0FD5DAEE42DE}"
EndProject
Project("{8BC9CEB8-8B4A-11D0-8D11-00A0C91BC942}") = "Class2nd (Brute Force)", "Class2nd (Brute Force)\Class2nd (Brute Force).vcxproj", "{438F5B2F-EE0C-4CDE-8923-6F0C3047D1A9}"
EndProject
Project("{8BC9CEB8-8B4A-11D0-8D11-00A0C91BC942}") = "Class3th (Bubble Sort)", "Class3th (Bubble Sort)\Class3th (Bubble Sort).vcxproj", "{0A46AC58-097E-4CA1-8CB3-7BAE37A95228}"
EndProject
Project("{8BC9CEB8-8B4A-11D0-8D11-00A0C91BC942}") = "Class4th(Select Sort)", "Class4th(Select Sort)\Class4th(Select Sort).vcxproj", "{C36102E2-9545-4BDD-9D77-11C48438F00F}"
EndProject
Project("{8BC9CEB8-8B4A-11D0-8D11-00A0C91BC942}") = "Class5th (Insert Sort)", "Class5th (Insert Sort)\Class5th (Insert Sort).vcxproj", "{DE3DEB32-DDB6-4BEE-B86D-81EFC8EA2D9C}"
EndProject
Project("{8BC9CEB8-8B4A-11D0-8D11-00A0C91BC942}") = "Class6th (Euclidean)", "Class6th (Euclidean)\Class6th (Euclidean).vcxproj", "{61475533-39F3-41AE-89A0-07D419EC03E0}"
EndProject
Project("{8BC9CEB8-8B4A-11D0-8D11-00A0C91BC942}") = "Class7th (Sueve of Eratosthenes)", "Class7th (Sueve of Eratosthenes)\Class7th (Sueve of Eratosthenes).vcxproj", "{83EA9A48-7BA6-4E05-AE40-B88A703975B2}"
EndProject
Project("{8BC9CEB8-8B4A-11D0-8D11-00A0C91BC942}") = "Class8th (Count Sort)", "Class8th (Count Sort)\Class8th (Count Sort).vcxproj", "{B9C3741A-5898-4562-87D3-C75B9BDE5C01}"
EndProject
Project("{8BC9CEB8-8B4A-11D0-8D11-00A0C91BC942}") = "Class9th (Divide and Conquer)", "Class9th (Divide and Conquer)\Class9th (Divide and Conquer).vcxproj", "{6D58018D-F69E-4670-9661-1C4A6985132D}"
EndProject
Project("{8BC9CEB8-8B4A-11D0-8D11-00A0C91BC942}") = "Class10th (Binary Search)", "Class10th (Binary Search)\Class10th (Binary Search).vcxproj", "{C3FA65AB-49DA-43B2-A46C-1C2E3C6DA63D}"
EndProject
Project("{8BC9CEB8-8B4A-11D0-8D11-00A0C91BC942}") = "Class11th (Quick Sort)", "Class11th (Quick Sort)\Class11th (Quick Sort).vcxproj", "{7172EBFD-0CCA-4E75-A239-BBEE5E8B7D1C}"
EndProject
Project("{8BC9CEB8-8B4A-11D0-8D11-00A0C91BC942}") = "Class12th (Merge Sort)", "Class12th (Merge Sort)\Class12th (Merge Sort).vcxproj", "{83BA28CA-0869-46D5-A4A5-FB2966622DF4}"
EndProject
Project("{8BC9CEB8-8B4A-11D0-8D11-00A0C91BC942}") = "Class13th (Dynamic Programming)", "Class13th (Dynamic Programming)\Class13th (Dynamic Programming).vcxproj", "{BAC02C92-3931-4398-8A92-A7B690701B3C}"
EndProject
Project("{8BC9CEB8-8B4A-11D0-8D11-00A0C91BC942}") = "Class14th (Greedy)", "Class14th (Greedy)\Class14th (Greedy).vcxproj", "{E1D3ADE5-9265-496E-99EC-522BF3D06D74}"
EndProject
Project("{8BC9CEB8-8B4A-11D0-8D11-00A0C91BC942}") = "Class15th (Depth First Search)", "Class15th (Depth First Search)\Class15th (Depth First Search).vcxproj", "{40019368-91E3-4346-86C6-96B15023159C}"
EndProject
Project("{8BC9CEB8-8B4A-11D0-8D11-00A0C91BC942}") = "Class16th (Breadth First Search)", "Class16th (Breadth First Search)\Class16th (Breadth First Search).vcxproj", "{B2BD3ED3-4082-4EE4-9198-943106284EA2}"
EndProject
Project("{8BC9CEB8-8B4A-11D0-8D11-00A0C91BC942}") = "Class17th (Topology Sort)", "Class17th (Topology Sort)\Class17th (Topology Sort).vcxproj", "{57763C2F-8ED5-4741-A790-63E02C0B56FC}"
EndProject
Project("{8BC9CEB8-8B4A-11D0-8D11-00A0C91BC942}") = "Class18th (Dijkstra)", "Class18th (Dijkstra)\Class18th (Dijkstra).vcxproj", "{8B22E762-AAB8-4489-B6BC-EF8C746522DA}"
EndProject
Global
	GlobalSection(SolutionConfigurationPlatforms) = preSolution
		Debug|x64 = Debug|x64
		Debug|x86 = Debug|x86
		Release|x64 = Release|x64
		Release|x86 = Release|x86
	EndGlobalSection
	GlobalSection(ProjectConfigurationPlatforms) = postSolution
		{514CEB90-CD43-4339-997D-FBA3261DB42C}.Debug|x64.ActiveCfg = Debug|x64
		{514CEB90-CD43-4339-997D-FBA3261DB42C}.Debug|x64.Build.0 = Debug|x64
		{514CEB90-CD43-4339-997D-FBA3261DB42C}.Debug|x86.ActiveCfg = Debug|Win32
		{514CEB90-CD43-4339-997D-FBA3261DB42C}.Debug|x86.Build.0 = Debug|Win32
		{514CEB90-CD43-4339-997D-FBA3261DB42C}.Release|x64.ActiveCfg = Release|x64
		{514CEB90-CD43-4339-997D-FBA3261DB42C}.Release|x64.Build.0 = Release|x64
		{514CEB90-CD43-4339-997D-FBA3261DB42C}.Release|x86.ActiveCfg = Release|Win32
		{514CEB90-CD43-4339-997D-FBA3261DB42C}.Release|x86.Build.0 = Release|Win32
		{9BF506F2-9C64-4CEA-83BB-0FD5DAEE42DE}.Debug|x64.ActiveCfg = Debug|x64
		{9BF506F2-9C64-4CEA-83BB-0FD5DAEE42DE}.Debug|x64.Build.0 = Debug|x64
		{9BF506F2-9C64-4CEA-83BB-0FD5DAEE42DE}.Debug|x86.ActiveCfg = Debug|Win32
		{9BF506F2-9C64-4CEA-83BB-0FD5DAEE42DE}.Debug|x86.Build.0 = Debug|Win32
		{9BF506F2-9C64-4CEA-83BB-0FD5DAEE42DE}.Release|x64.ActiveCfg = Release|x64
		{9BF506F2-9C64-4CEA-83BB-0FD5DAEE42DE}.Release|x64.Build.0 = Release|x64
		{9BF506F2-9C64-4CEA-83BB-0FD5DAEE42DE}.Release|x86.ActiveCfg = Release|Win32
		{9BF506F2-9C64-4CEA-83BB-0FD5DAEE42DE}.Release|x86.Build.0 = Release|Win32
		{438F5B2F-EE0C-4CDE-8923-6F0C3047D1A9}.Debug|x64.ActiveCfg = Debug|x64
		{438F5B2F-EE0C-4CDE-8923-6F0C3047D1A9}.Debug|x64.Build.0 = Debug|x64
		{438F5B2F-EE0C-4CDE-8923-6F0C3047D1A9}.Debug|x86.ActiveCfg = Debug|Win32
		{438F5B2F-EE0C-4CDE-8923-6F0C3047D1A9}.Debug|x86.Build.0 = Debug|Win32
		{438F5B2F-EE0C-4CDE-8923-6F0C3047D1A9}.Release|x64.ActiveCfg = Release|x64
		{438F5B2F-EE0C-4CDE-8923-6F0C3047D1A9}.Release|x64.Build.0 = Release|x64
		{438F5B2F-EE0C-4CDE-8923-6F0C3047D1A9}.Release|x86.ActiveCfg = Release|Win32
		{438F5B2F-EE0C-4CDE-8923-6F0C3047D1A9}.Release|x86.Build.0 = Release|Win32
		{0A46AC58-097E-4CA1-8CB3-7BAE37A95228}.Debug|x64.ActiveCfg = Debug|x64
		{0A46AC58-097E-4CA1-8CB3-7BAE37A95228}.Debug|x64.Build.0 = Debug|x64
		{0A46AC58-097E-4CA1-8CB3-7BAE37A95228}.Debug|x86.ActiveCfg = Debug|Win32
		{0A46AC58-097E-4CA1-8CB3-7BAE37A95228}.Debug|x86.Build.0 = Debug|Win32
		{0A46AC58-097E-4CA1-8CB3-7BAE37A95228}.Release|x64.ActiveCfg = Release|x64
		{0A46AC58-097E-4CA1-8CB3-7BAE37A95228}.Release|x64.Build.0 = Release|x64
		{0A46AC58-097E-4CA1-8CB3-7BAE37A95228}.Release|x86.ActiveCfg = Release|Win32
		{0A46AC58-097E-4CA1-8CB3-7BAE37A95228}.Release|x86.Build.0 = Release|Win32
		{C36102E2-9545-4BDD-9D77-11C48438F00F}.Debug|x64.ActiveCfg = Debug|x64
		{C36102E2-9545-4BDD-9D77-11C48438F00F}.Debug|x64.Build.0 = Debug|x64
		{C36102E2-9545-4BDD-9D77-11C48438F00F}.Debug|x86.ActiveCfg = Debug|Win32
		{C36102E2-9545-4BDD-9D77-11C48438F00F}.Debug|x86.Build.0 = Debug|Win32
		{C36102E2-9545-4BDD-9D77-11C48438F00F}.Release|x64.ActiveCfg = Release|x64
		{C36102E2-9545-4BDD-9D77-11C48438F00F}.Release|x64.Build.0 = Release|x64
		{C36102E2-9545-4BDD-9D77-11C48438F00F}.Release|x86.ActiveCfg = Release|Win32
		{C36102E2-9545-4BDD-9D77-11C48438F00F}.Release|x86.Build.0 = Release|Win32
		{DE3DEB32-DDB6-4BEE-B86D-81EFC8EA2D9C}.Debug|x64.ActiveCfg = Debug|x64
		{DE3DEB32-DDB6-4BEE-B86D-81EFC8EA2D9C}.Debug|x64.Build.0 = Debug|x64
		{DE3DEB32-DDB6-4BEE-B86D-81EFC8EA2D9C}.Debug|x86.ActiveCfg = Debug|Win32
		{DE3DEB32-DDB6-4BEE-B86D-81EFC8EA2D9C}.Debug|x86.Build.0 = Debug|Win32
		{DE3DEB32-DDB6-4BEE-B86D-81EFC8EA2D9C}.Release|x64.ActiveCfg = Release|x64
		{DE3DEB32-DDB6-4BEE-B86D-81EFC8EA2D9C}.Release|x64.Build.0 = Release|x64
		{DE3DEB32-DDB6-4BEE-B86D-81EFC8EA2D9C}.Release|x86.ActiveCfg = Release|Win32
		{DE3DEB32-DDB6-4BEE-B86D-81EFC8EA2D9C}.Release|x86.Build.0 = Release|Win32
		{61475533-39F3-41AE-89A0-07D419EC03E0}.Debug|x64.ActiveCfg = Debug|x64
		{61475533-39F3-41AE-89A0-07D419EC03E0}.Debug|x64.Build.0 = Debug|x64
		{61475533-39F3-41AE-89A0-07D419EC03E0}.Debug|x86.ActiveCfg = Debug|Win32
		{61475533-39F3-41AE-89A0-07D419EC03E0}.Debug|x86.Build.0 = Debug|Win32
		{61475533-39F3-41AE-89A0-07D419EC03E0}.Release|x64.ActiveCfg = Release|x64
		{61475533-39F3-41AE-89A0-07D419EC03E0}.Release|x64.Build.0 = Release|x64
		{61475533-39F3-41AE-89A0-07D419EC03E0}.Release|x86.ActiveCfg = Release|Win32
		{61475533-39F3-41AE-89A0-07D419EC03E0}.Release|x86.Build.0 = Release|Win32
		{83EA9A48-7BA6-4E05-AE40-B88A703975B2}.Debug|x64.ActiveCfg = Debug|x64
		{83EA9A48-7BA6-4E05-AE40-B88A703975B2}.Debug|x64.Build.0 = Debug|x64
		{83EA9A48-7BA6-4E05-AE40-B88A703975B2}.Debug|x86.ActiveCfg = Debug|Win32
		{83EA9A48-7BA6-4E05-AE40-B88A703975B2}.Debug|x86.Build.0 = Debug|Win32
		{83EA9A48-7BA6-4E05-AE40-B88A703975B2}.Release|x64.ActiveCfg = Release|x64
		{83EA9A48-7BA6-4E05-AE40-B88A703975B2}.Release|x64.Build.0 = Release|x64
		{83EA9A48-7BA6-4E05-AE40-B88A703975B2}.Release|x86.ActiveCfg = Release|Win32
		{83EA9A48-7BA6-4E05-AE40-B88A703975B2}.Release|x86.Build.0 = Release|Win32
		{B9C3741A-5898-4562-87D3-C75B9BDE5C01}.Debug|x64.ActiveCfg = Debug|x64
		{B9C3741A-5898-4562-87D3-C75B9BDE5C01}.Debug|x64.Build.0 = Debug|x64
		{B9C3741A-5898-4562-87D3-C75B9BDE5C01}.Debug|x86.ActiveCfg = Debug|Win32
		{B9C3741A-5898-4562-87D3-C75B9BDE5C01}.Debug|x86.Build.0 = Debug|Win32
		{B9C3741A-5898-4562-87D3-C75B9BDE5C01}.Release|x64.ActiveCfg = Release|x64
		{B9C3741A-5898-4562-87D3-C75B9BDE5C01}.Release|x64.Build.0 = Release|x64
		{B9C3741A-5898-4562-87D3-C75B9BDE5C01}.Release|x86.ActiveCfg = Release|Win32
		{B9C3741A-5898-4562-87D3-C75B9BDE5C01}.Release|x86.Build.0 = Release|Win32
		{6D58018D-F69E-4670-9661-1C4A6985132D}.Debug|x64.ActiveCfg = Debug|x64
		{6D58018D-F69E-4670-9661-1C4A6985132D}.Debug|x64.Build.0 = Debug|x64
		{6D58018D-F69E-4670-9661-1C4A6985132D}.Debug|x86.ActiveCfg = Debug|Win32
		{6D58018D-F69E-4670-9661-1C4A6985132D}.Debug|x86.Build.0 = Debug|Win32
		{6D58018D-F69E-4670-9661-1C4A6985132D}.Release|x64.ActiveCfg = Release|x64
		{6D58018D-F69E-4670-9661-1C4A6985132D}.Release|x64.Build.0 = Release|x64
		{6D58018D-F69E-4670-9661-1C4A6985132D}.Release|x86.ActiveCfg = Release|Win32
		{6D58018D-F69E-4670-9661-1C4A6985132D}.Release|x86.Build.0 = Release|Win32
		{C3FA65AB-49DA-43B2-A46C-1C2E3C6DA63D}.Debug|x64.ActiveCfg = Debug|x64
		{C3FA65AB-49DA-43B2-A46C-1C2E3C6DA63D}.Debug|x64.Build.0 = Debug|x64
		{C3FA65AB-49DA-43B2-A46C-1C2E3C6DA63D}.Debug|x86.ActiveCfg = Debug|Win32
		{C3FA65AB-49DA-43B2-A46C-1C2E3C6DA63D}.Debug|x86.Build.0 = Debug|Win32
		{C3FA65AB-49DA-43B2-A46C-1C2E3C6DA63D}.Release|x64.ActiveCfg = Release|x64
		{C3FA65AB-49DA-43B2-A46C-1C2E3C6DA63D}.Release|x64.Build.0 = Release|x64
		{C3FA65AB-49DA-43B2-A46C-1C2E3C6DA63D}.Release|x86.ActiveCfg = Release|Win32
		{C3FA65AB-49DA-43B2-A46C-1C2E3C6DA63D}.Release|x86.Build.0 = Release|Win32
		{7172EBFD-0CCA-4E75-A239-BBEE5E8B7D1C}.Debug|x64.ActiveCfg = Debug|x64
		{7172EBFD-0CCA-4E75-A239-BBEE5E8B7D1C}.Debug|x64.Build.0 = Debug|x64
		{7172EBFD-0CCA-4E75-A239-BBEE5E8B7D1C}.Debug|x86.ActiveCfg = Debug|Win32
		{7172EBFD-0CCA-4E75-A239-BBEE5E8B7D1C}.Debug|x86.Build.0 = Debug|Win32
		{7172EBFD-0CCA-4E75-A239-BBEE5E8B7D1C}.Release|x64.ActiveCfg = Release|x64
		{7172EBFD-0CCA-4E75-A239-BBEE5E8B7D1C}.Release|x64.Build.0 = Release|x64
		{7172EBFD-0CCA-4E75-A239-BBEE5E8B7D1C}.Release|x86.ActiveCfg = Release|Win32
		{7172EBFD-0CCA-4E75-A239-BBEE5E8B7D1C}.Release|x86.Build.0 = Release|Win32
		{83BA28CA-0869-46D5-A4A5-FB2966622DF4}.Debug|x64.ActiveCfg = Debug|x64
		{83BA28CA-0869-46D5-A4A5-FB2966622DF4}.Debug|x64.Build.0 = Debug|x64
		{83BA28CA-0869-46D5-A4A5-FB2966622DF4}.Debug|x86.ActiveCfg = Debug|Win32
		{83BA28CA-0869-46D5-A4A5-FB2966622DF4}.Debug|x86.Build.0 = Debug|Win32
		{83BA28CA-0869-46D5-A4A5-FB2966622DF4}.Release|x64.ActiveCfg = Release|x64
		{83BA28CA-0869-46D5-A4A5-FB2966622DF4}.Release|x64.Build.0 = Release|x64
		{83BA28CA-0869-46D5-A4A5-FB2966622DF4}.Release|x86.ActiveCfg = Release|Win32
		{83BA28CA-0869-46D5-A4A5-FB2966622DF4}.Release|x86.Build.0 = Release|Win32
		{BAC02C92-3931-4398-8A92-A7B690701B3C}.Debug|x64.ActiveCfg = Debug|x64
		{BAC02C92-3931-4398-8A92-A7B690701B3C}.Debug|x64.Build.0 = Debug|x64
		{BAC02C92-3931-4398-8A92-A7B690701B3C}.Debug|x86.ActiveCfg = Debug|Win32
		{BAC02C92-3931-4398-8A92-A7B690701B3C}.Debug|x86.Build.0 = Debug|Win32
		{BAC02C92-3931-4398-8A92-A7B690701B3C}.Release|x64.ActiveCfg = Release|x64
		{BAC02C92-3931-4398-8A92-A7B690701B3C}.Release|x64.Build.0 = Release|x64
		{BAC02C92-3931-4398-8A92-A7B690701B3C}.Release|x86.ActiveCfg = Release|Win32
		{BAC02C92-3931-4398-8A92-A7B690701B3C}.Release|x86.Build.0 = Release|Win32
		{E1D3ADE5-9265-496E-99EC-522BF3D06D74}.Debug|x64.ActiveCfg = Debug|x64
		{E1D3ADE5-9265-496E-99EC-522BF3D06D74}.Debug|x64.Build.0 = Debug|x64
		{E1D3ADE5-9265-496E-99EC-522BF3D06D74}.Debug|x86.ActiveCfg = Debug|Win32
		{E1D3ADE5-9265-496E-99EC-522BF3D06D74}.Debug|x86.Build.0 = Debug|Win32
		{E1D3ADE5-9265-496E-99EC-522BF3D06D74}.Release|x64.ActiveCfg = Release|x64
		{E1D3ADE5-9265-496E-99EC-522BF3D06D74}.Release|x64.Build.0 = Release|x64
		{E1D3ADE5-9265-496E-99EC-522BF3D06D74}.Release|x86.ActiveCfg = Release|Win32
		{E1D3ADE5-9265-496E-99EC-522BF3D06D74}.Release|x86.Build.0 = Release|Win32
		{40019368-91E3-4346-86C6-96B15023159C}.Debug|x64.ActiveCfg = Debug|x64
		{40019368-91E3-4346-86C6-96B15023159C}.Debug|x64.Build.0 = Debug|x64
		{40019368-91E3-4346-86C6-96B15023159C}.Debug|x86.ActiveCfg = Debug|Win32
		{40019368-91E3-4346-86C6-96B15023159C}.Debug|x86.Build.0 = Debug|Win32
		{40019368-91E3-4346-86C6-96B15023159C}.Release|x64.ActiveCfg = Release|x64
		{40019368-91E3-4346-86C6-96B15023159C}.Release|x64.Build.0 = Release|x64
		{40019368-91E3-4346-86C6-96B15023159C}.Release|x86.ActiveCfg = Release|Win32
		{40019368-91E3-4346-86C6-96B15023159C}.Release|x86.Build.0 = Release|Win32
		{B2BD3ED3-4082-4EE4-9198-943106284EA2}.Debug|x64.ActiveCfg = Debug|x64
		{B2BD3ED3-4082-4EE4-9198-943106284EA2}.Debug|x64.Build.0 = Debug|x64
		{B2BD3ED3-4082-4EE4-9198-943106284EA2}.Debug|x86.ActiveCfg = Debug|Win32
		{B2BD3ED3-4082-4EE4-9198-943106284EA2}.Debug|x86.Build.0 = Debug|Win32
		{B2BD3ED3-4082-4EE4-9198-943106284EA2}.Release|x64.ActiveCfg = Release|x64
		{B2BD3ED3-4082-4EE4-9198-943106284EA2}.Release|x64.Build.0 = Release|x64
		{B2BD3ED3-4082-4EE4-9198-943106284EA2}.Release|x86.ActiveCfg = Release|Win32
		{B2BD3ED3-4082-4EE4-9198-943106284EA2}.Release|x86.Build.0 = Release|Win32
		{57763C2F-8ED5-4741-A790-63E02C0B56FC}.Debug|x64.ActiveCfg = Debug|x64
		{57763C2F-8ED5-4741-A790-63E02C0B56FC}.Debug|x64.Build.0 = Debug|x64
		{57763C2F-8ED5-4741-A790-63E02C0B56FC}.Debug|x86.ActiveCfg = Debug|Win32
		{57763C2F-8ED5-4741-A790-63E02C0B56FC}.Debug|x86.Build.0 = Debug|Win32
		{57763C2F-8ED5-4741-A790-63E02C0B56FC}.Release|x64.ActiveCfg = Release|x64
		{57763C2F-8ED5-4741-A790-63E02C0B56FC}.Release|x64.Build.0 = Release|x64
		{57763C2F-8ED5-4741-A790-63E02C0B56FC}.Release|x86.ActiveCfg = Release|Win32
		{57763C2F-8ED5-4741-A790-63E02C0B56FC}.Release|x86.Build.0 = Release|Win32
		{8B22E762-AAB8-4489-B6BC-EF8C746522DA}.Debug|x64.ActiveCfg = Debug|x64
		{8B22E762-AAB8-4489-B6BC-EF8C746522DA}.Debug|x64.Build.0 = Debug|x64
		{8B22E762-AAB8-4489-B6BC-EF8C746522DA}.Debug|x86.ActiveCfg = Debug|Win32
		{8B22E762-AAB8-4489-B6BC-EF8C746522DA}.Debug|x86.Build.0 = Debug|Win32
		{8B22E762-AAB8-4489-B6BC-EF8C746522DA}.Release|x64.ActiveCfg = Release|x64
		{8B22E762-AAB8-4489-B6BC-EF8C746522DA}.Release|x64.Build.0 = Release|x64
		{8B22E762-AAB8-4489-B6BC-EF8C746522DA}.Release|x86.ActiveCfg = Release|Win32
		{8B22E762-AAB8-4489-B6BC-EF8C746522DA}.Release|x86.Build.0 = Release|Win32
	EndGlobalSection
	GlobalSection(SolutionProperties) = preSolution
		HideSolutionNode = FALSE
	EndGlobalSection
	GlobalSection(ExtensibilityGlobals) = postSolution
		SolutionGuid = {A3B7B808-6392-4A42-A186-624E2B4421C5}
	EndGlobalSection
EndGlobal
